{
    "_readme": [
        "This file locks the dependencies of your project to a known state",
        "Read more about it at https://getcomposer.org/doc/01-basic-usage.md#installing-dependencies",
        "This file is @generated automatically"
    ],
    "content-hash": "da9c51edfec4211856aa9c59c95c086a",
    "packages": [
        {
            "name": "alxmrz/php-sdl2",
            "version": "dev-main",
            "dist": {
                "type": "path",
                "url": "../ffi",
                "reference": "3e6e8237776991ae342320293ba4c03782d2206e"
            },
            "require-dev": {
                "phpunit/phpunit": "^9"
            },
            "type": "library",
            "autoload": {
                "psr-4": {
                    "SDL2\\": "src/"
                }
            },
            "license": [
                "MIT"
            ],
            "authors": [
                {
                    "name": "alxmrz",
                    "email": "alexandr.moroz97@mail.ru"
                }
            ],
            "description": "PHP binding for SDL2 library",
            "transport-options": {
                "relative": true
            }
        },
        {
            "name": "alxmrz/psyx-engine",
            "version": "dev-main",
            "dist": {
                "type": "path",
                "url": "../psyengine",
                "reference": "a8da835c6ae13abdd26d50b6ac7edd17b3f6d365"
            },
            "require": {
                "alxmrz/php-sdl2": "dev-main"
            },
            "require-dev": {
                "phpunit/phpunit": "^9"
            },
            "type": "library",
            "autoload": {
                "psr-4": {
                    "PsyXEngine\\": "src/"
                }
            },
            "license": [
                "MIT"
            ],
            "authors": [
                {
                    "name": "alxmrz",
                    "email": "alexandr.moroz97@mail.ru"
                }
            ],
            "description": "PHP game engine",
            "transport-options": {
                "relative": true
            }
        }
    ],
    "packages-dev": [],
    "aliases": [],
    "minimum-stability": "dev",
    "stability-flags": {
        "alxmrz/psyx-engine": 20
    },
    "prefer-stable": false,
    "prefer-lowest": false,
    "platform": [],
    "platform-dev": [],
    "plugin-api-version": "2.3.0"
}
