{
    "_readme": [
        "This file locks the dependencies of your project to a known state",
        "Read more about it at https://getcomposer.org/doc/01-basic-usage.md#installing-dependencies",
        "This file is @generated automatically"
    ],
    "content-hash": "58d4cdfdd7f58344208f634e7078245d",
    "packages": [
        {
            "name": "alxmrz/php-sdl2",
            "version": "dev-main",
            "source": {
                "type": "git",
                "url": "https://github.com/alxmrz/php-sdl2.git",
                "reference": "4b9ba15169ce003f44c8fe40f7e35b998c4bf977"
            },
            "dist": {
                "type": "zip",
                "url": "https://api.github.com/repos/alxmrz/php-sdl2/zipball/4b9ba15169ce003f44c8fe40f7e35b998c4bf977",
                "reference": "4b9ba15169ce003f44c8fe40f7e35b998c4bf977",
                "shasum": ""
            },
            "require-dev": {
                "phpunit/phpunit": "^9"
            },
            "default-branch": true,
            "type": "library",
            "autoload": {
                "psr-4": {
                    "SDL2\\": "src/"
                }
            },
            "license": [
                "MIT"
            ],
            "authors": [
                {
                    "name": "alxmrz",
                    "email": "alexandr.moroz97@mail.ru"
                }
            ],
            "description": "PHP binding for SDL2 library",
            "support": {
                "source": "https://github.com/alxmrz/php-sdl2/tree/main",
                "issues": "https://github.com/alxmrz/php-sdl2/issues"
            },
            "time": "2024-07-15T20:12:57+00:00"
        },
        {
            "name": "alxmrz/psyx-engine",
            "version": "dev-main",
            "source": {
                "type": "git",
                "url": "https://github.com/alxmrz/psyx-engine.git",
                "reference": "7a901fccd6acb48a5469084b07f42557ff411d45"
            },
            "dist": {
                "type": "zip",
                "url": "https://api.github.com/repos/alxmrz/psyx-engine/zipball/7a901fccd6acb48a5469084b07f42557ff411d45",
                "reference": "7a901fccd6acb48a5469084b07f42557ff411d45",
                "shasum": ""
            },
            "require": {
                "alxmrz/php-sdl2": "dev-main"
            },
            "require-dev": {
                "phpunit/phpunit": "^9"
            },
            "default-branch": true,
            "type": "library",
            "autoload": {
                "psr-4": {
                    "PsyXEngine\\": "src/"
                }
            },
            "license": [
                "MIT"
            ],
            "authors": [
                {
                    "name": "alxmrz",
                    "email": "alexandr.moroz97@mail.ru"
                }
            ],
            "description": "PHP game engine",
            "support": {
                "source": "https://github.com/alxmrz/psyx-engine/tree/main",
                "issues": "https://github.com/alxmrz/psyx-engine/issues"
            },
            "time": "2024-07-15T20:13:27+00:00"
        }
    ],
    "packages-dev": [],
    "aliases": [],
    "minimum-stability": "dev",
    "stability-flags": {
        "alxmrz/psyx-engine": 20
    },
    "prefer-stable": false,
    "prefer-lowest": false,
    "platform": [],
    "platform-dev": [],
    "plugin-api-version": "2.3.0"
}
